
Microsoft Visual Studio Solution File, Format Version 12.00
# Visual Studio 2013
VisualStudioVersion = 12.0.31101.0
MinimumVisualStudioVersion = 10.0.40219.1
Project("{FAE04EC0-301F-11D3-BF4B-00C04F79EFBC}") = "NewsArticles", "RssReader\NewsArticles.csproj", "{C9C23185-3E79-44F2-909B-BE5F78D2DC0F}"
EndProject
Project("{FAE04EC0-301F-11D3-BF4B-00C04F79EFBC}") = "UnitTestRssReaderModel", "UnitTestRssReaderModel\UnitTestRssReaderModel.csproj", "{696A3CC6-9147-443B-816B-ED18AB729DD7}"
EndProject
Project("{FAE04EC0-301F-11D3-BF4B-00C04F79EFBC}") = "UnitTestUserInput", "UnitTestUserInput\UnitTestUserInput.csproj", "{DDE65284-38E9-493D-BAE3-5A3D4F2DC3B8}"
EndProject
Global
	GlobalSection(SolutionConfigurationPlatforms) = preSolution
		Debug|Any CPU = Debug|Any CPU
		Release|Any CPU = Release|Any CPU
	EndGlobalSection
	GlobalSection(ProjectConfigurationPlatforms) = postSolution
		{C9C23185-3E79-44F2-909B-BE5F78D2DC0F}.Debug|Any CPU.ActiveCfg = Debug|Any CPU
		{C9C23185-3E79-44F2-909B-BE5F78D2DC0F}.Debug|Any CPU.Build.0 = Debug|Any CPU
		{C9C23185-3E79-44F2-909B-BE5F78D2DC0F}.Release|Any CPU.ActiveCfg = Release|Any CPU
		{C9C23185-3E79-44F2-909B-BE5F78D2DC0F}.Release|Any CPU.Build.0 = Release|Any CPU
		{696A3CC6-9147-443B-816B-ED18AB729DD7}.Debug|Any CPU.ActiveCfg = Debug|Any CPU
		{696A3CC6-9147-443B-816B-ED18AB729DD7}.Debug|Any CPU.Build.0 = Debug|Any CPU
		{696A3CC6-9147-443B-816B-ED18AB729DD7}.Release|Any CPU.ActiveCfg = Release|Any CPU
		{696A3CC6-9147-443B-816B-ED18AB729DD7}.Release|Any CPU.Build.0 = Release|Any CPU
		{DDE65284-38E9-493D-BAE3-5A3D4F2DC3B8}.Debug|Any CPU.ActiveCfg = Debug|Any CPU
		{DDE65284-38E9-493D-BAE3-5A3D4F2DC3B8}.Debug|Any CPU.Build.0 = Debug|Any CPU
		{DDE65284-38E9-493D-BAE3-5A3D4F2DC3B8}.Release|Any CPU.ActiveCfg = Release|Any CPU
		{DDE65284-38E9-493D-BAE3-5A3D4F2DC3B8}.Release|Any CPU.Build.0 = Release|Any CPU
	EndGlobalSection
	GlobalSection(SolutionProperties) = preSolution
		HideSolutionNode = FALSE
	EndGlobalSection
EndGlobal
